
Microsoft Visual Studio Solution File, Format Version 12.00
# Visual Studio 15
VisualStudioVersion = 15.0.26730.15
MinimumVisualStudioVersion = 10.0.40219.1
Project("{8BC9CEB8-8B4A-11D0-8D11-00A0C91BC942}") = "Лабараторная работа 3", "Лабараторная работа 3\Лабараторная работа 3.vcxproj", "{FF4126DD-F7B9-4C0E-B1CD-B6D52CDE1A18}"
EndProject
Global
	GlobalSection(SolutionConfigurationPlatforms) = preSolution
		Debug|x64 = Debug|x64
		Debug|x86 = Debug|x86
		Release|x64 = Release|x64
		Release|x86 = Release|x86
	EndGlobalSection
	GlobalSection(ProjectConfigurationPlatforms) = postSolution
		{FF4126DD-F7B9-4C0E-B1CD-B6D52CDE1A18}.Debug|x64.ActiveCfg = Debug|x64
		{FF4126DD-F7B9-4C0E-B1CD-B6D52CDE1A18}.Debug|x64.Build.0 = Debug|x64
		{FF4126DD-F7B9-4C0E-B1CD-B6D52CDE1A18}.Debug|x86.ActiveCfg = Debug|Win32
		{FF4126DD-F7B9-4C0E-B1CD-B6D52CDE1A18}.Debug|x86.Build.0 = Debug|Win32
		{FF4126DD-F7B9-4C0E-B1CD-B6D52CDE1A18}.Release|x64.ActiveCfg = Release|x64
		{FF4126DD-F7B9-4C0E-B1CD-B6D52CDE1A18}.Release|x64.Build.0 = Release|x64
		{FF4126DD-F7B9-4C0E-B1CD-B6D52CDE1A18}.Release|x86.ActiveCfg = Release|Win32
		{FF4126DD-F7B9-4C0E-B1CD-B6D52CDE1A18}.Release|x86.Build.0 = Release|Win32
	EndGlobalSection
	GlobalSection(SolutionProperties) = preSolution
		HideSolutionNode = FALSE
	EndGlobalSection
	GlobalSection(ExtensibilityGlobals) = postSolution
		SolutionGuid = {758E1A5A-AA2A-45D7-8D15-00AC29F7A4F7}
	EndGlobalSection
EndGlobal
